
Microsoft Visual Studio Solution File, Format Version 12.00
# Visual Studio Version 16
VisualStudioVersion = 16.0.809.4
MinimumVisualStudioVersion = 10.0.40219.1
Project("{2150E333-8FDC-42A3-9474-1A3956D46DE8}") = "Basic", "Basic", "{852717AF-682B-454F-AE7C-DDB7B072B92B}"
EndProject
Project("{9A19103F-16F7-4668-BE54-9A1E7A4F7556}") = "ThreadDemo", "ThreadDemo\ThreadDemo.csproj", "{A1AD364E-E122-4ABA-9D35-1A2424CDD736}"
EndProject
Project("{2150E333-8FDC-42A3-9474-1A3956D46DE8}") = "AOP", "AOP", "{2DF3FD54-903B-4D7E-8000-4357119F3EB6}"
EndProject
Project("{FAE04EC0-301F-11D3-BF4B-00C04F79EFBC}") = "AOPStaticProxy", "AOPStaticProxy\AOPStaticProxy.csproj", "{9B616C0E-90D2-4140-A5F7-302FF39F33B2}"
EndProject
Project("{FAE04EC0-301F-11D3-BF4B-00C04F79EFBC}") = "AOPDynamicProxy", "AOPDynamicProxy\AOPDynamicProxy.csproj", "{1AFCD5E3-6EDC-4C8C-BE9E-ED26DDF9366D}"
EndProject
Project("{9A19103F-16F7-4668-BE54-9A1E7A4F7556}") = "ExceptionDemo", "Basic\ExceptionDemo\ExceptionDemo.csproj", "{E74B6BF1-FACD-4B5D-9C8A-83156F88538D}"
EndProject
Project("{FAE04EC0-301F-11D3-BF4B-00C04F79EFBC}") = "StructDemo", "Basic\StructDemo\StructDemo.csproj", "{6C12BA39-269C-4E70-8A62-055E57EB972C}"
EndProject
Project("{9A19103F-16F7-4668-BE54-9A1E7A4F7556}") = "dotNetFive", "dotNetFive\dotNetFive.csproj", "{0F95C185-BD0D-429E-AF83-56E80C987FCD}"
EndProject
Project("{9A19103F-16F7-4668-BE54-9A1E7A4F7556}") = "XmlDemo", "XmlDemo\XmlDemo.csproj", "{738553CF-2D92-4CF0-BA9F-3912D096BC41}"
EndProject
Project("{FAE04EC0-301F-11D3-BF4B-00C04F79EFBC}") = "NfoTools", "NfoTools\NfoTools.csproj", "{5D6C0748-B6F9-41FD-BDA2-7564B178234A}"
EndProject
Global
	GlobalSection(SolutionConfigurationPlatforms) = preSolution
		Debug|Any CPU = Debug|Any CPU
		Release|Any CPU = Release|Any CPU
	EndGlobalSection
	GlobalSection(ProjectConfigurationPlatforms) = postSolution
		{A1AD364E-E122-4ABA-9D35-1A2424CDD736}.Debug|Any CPU.ActiveCfg = Debug|Any CPU
		{A1AD364E-E122-4ABA-9D35-1A2424CDD736}.Debug|Any CPU.Build.0 = Debug|Any CPU
		{A1AD364E-E122-4ABA-9D35-1A2424CDD736}.Release|Any CPU.ActiveCfg = Release|Any CPU
		{A1AD364E-E122-4ABA-9D35-1A2424CDD736}.Release|Any CPU.Build.0 = Release|Any CPU
		{9B616C0E-90D2-4140-A5F7-302FF39F33B2}.Debug|Any CPU.ActiveCfg = Debug|Any CPU
		{9B616C0E-90D2-4140-A5F7-302FF39F33B2}.Debug|Any CPU.Build.0 = Debug|Any CPU
		{9B616C0E-90D2-4140-A5F7-302FF39F33B2}.Release|Any CPU.ActiveCfg = Release|Any CPU
		{9B616C0E-90D2-4140-A5F7-302FF39F33B2}.Release|Any CPU.Build.0 = Release|Any CPU
		{1AFCD5E3-6EDC-4C8C-BE9E-ED26DDF9366D}.Debug|Any CPU.ActiveCfg = Debug|Any CPU
		{1AFCD5E3-6EDC-4C8C-BE9E-ED26DDF9366D}.Debug|Any CPU.Build.0 = Debug|Any CPU
		{1AFCD5E3-6EDC-4C8C-BE9E-ED26DDF9366D}.Release|Any CPU.ActiveCfg = Release|Any CPU
		{1AFCD5E3-6EDC-4C8C-BE9E-ED26DDF9366D}.Release|Any CPU.Build.0 = Release|Any CPU
		{E74B6BF1-FACD-4B5D-9C8A-83156F88538D}.Debug|Any CPU.ActiveCfg = Debug|Any CPU
		{E74B6BF1-FACD-4B5D-9C8A-83156F88538D}.Debug|Any CPU.Build.0 = Debug|Any CPU
		{E74B6BF1-FACD-4B5D-9C8A-83156F88538D}.Release|Any CPU.ActiveCfg = Release|Any CPU
		{E74B6BF1-FACD-4B5D-9C8A-83156F88538D}.Release|Any CPU.Build.0 = Release|Any CPU
		{6C12BA39-269C-4E70-8A62-055E57EB972C}.Debug|Any CPU.ActiveCfg = Debug|Any CPU
		{6C12BA39-269C-4E70-8A62-055E57EB972C}.Debug|Any CPU.Build.0 = Debug|Any CPU
		{6C12BA39-269C-4E70-8A62-055E57EB972C}.Release|Any CPU.ActiveCfg = Release|Any CPU
		{6C12BA39-269C-4E70-8A62-055E57EB972C}.Release|Any CPU.Build.0 = Release|Any CPU
		{0F95C185-BD0D-429E-AF83-56E80C987FCD}.Debug|Any CPU.ActiveCfg = Debug|Any CPU
		{0F95C185-BD0D-429E-AF83-56E80C987FCD}.Debug|Any CPU.Build.0 = Debug|Any CPU
		{0F95C185-BD0D-429E-AF83-56E80C987FCD}.Release|Any CPU.ActiveCfg = Release|Any CPU
		{0F95C185-BD0D-429E-AF83-56E80C987FCD}.Release|Any CPU.Build.0 = Release|Any CPU
		{738553CF-2D92-4CF0-BA9F-3912D096BC41}.Debug|Any CPU.ActiveCfg = Debug|Any CPU
		{738553CF-2D92-4CF0-BA9F-3912D096BC41}.Debug|Any CPU.Build.0 = Debug|Any CPU
		{738553CF-2D92-4CF0-BA9F-3912D096BC41}.Release|Any CPU.ActiveCfg = Release|Any CPU
		{738553CF-2D92-4CF0-BA9F-3912D096BC41}.Release|Any CPU.Build.0 = Release|Any CPU
		{5D6C0748-B6F9-41FD-BDA2-7564B178234A}.Debug|Any CPU.ActiveCfg = Debug|Any CPU
		{5D6C0748-B6F9-41FD-BDA2-7564B178234A}.Debug|Any CPU.Build.0 = Debug|Any CPU
		{5D6C0748-B6F9-41FD-BDA2-7564B178234A}.Release|Any CPU.ActiveCfg = Release|Any CPU
		{5D6C0748-B6F9-41FD-BDA2-7564B178234A}.Release|Any CPU.Build.0 = Release|Any CPU
	EndGlobalSection
	GlobalSection(SolutionProperties) = preSolution
		HideSolutionNode = FALSE
	EndGlobalSection
	GlobalSection(NestedProjects) = preSolution
		{A1AD364E-E122-4ABA-9D35-1A2424CDD736} = {852717AF-682B-454F-AE7C-DDB7B072B92B}
		{9B616C0E-90D2-4140-A5F7-302FF39F33B2} = {2DF3FD54-903B-4D7E-8000-4357119F3EB6}
		{1AFCD5E3-6EDC-4C8C-BE9E-ED26DDF9366D} = {2DF3FD54-903B-4D7E-8000-4357119F3EB6}
		{E74B6BF1-FACD-4B5D-9C8A-83156F88538D} = {852717AF-682B-454F-AE7C-DDB7B072B92B}
		{6C12BA39-269C-4E70-8A62-055E57EB972C} = {852717AF-682B-454F-AE7C-DDB7B072B92B}
		{738553CF-2D92-4CF0-BA9F-3912D096BC41} = {852717AF-682B-454F-AE7C-DDB7B072B92B}
		{5D6C0748-B6F9-41FD-BDA2-7564B178234A} = {852717AF-682B-454F-AE7C-DDB7B072B92B}
	EndGlobalSection
	GlobalSection(ExtensibilityGlobals) = postSolution
		SolutionGuid = {32CB0AD8-98CC-4152-A0CB-698440B56F98}
	EndGlobalSection
EndGlobal
